<?xml version="1.0" encoding="utf-8"?>
<Project ToolsVersion="4.0" xmlns="http://schemas.microsoft.com/developer/msbuild/2003">
  <ItemGroup>
    <Filter Include="Source files">
      <UniqueIdentifier>{aa8e32cc-f614-4786-8b4b-54a21b697337}</UniqueIdentifier>
      <Extensions>cpp;c;cc;cxx;def;odl;idl;hpj;bat;asm;asmx</Extensions>
    </Filter>
    <Filter Include="Header files">
      <UniqueIdentifier>{7e2a9ab3-4801-4ad0-ad7b-ae42c14cde78}</UniqueIdentifier>
      <Extensions>h;hpp;hxx;hm;inl;inc;xsd</Extensions>
    </Filter>
    <Filter Include="Resource files">
      <UniqueIdentifier>{6208457e-43b2-497a-b558-6f1d55ae2837}</UniqueIdentifier>
      <Extensions>rc;ico;cur;bmp;dlg;rc2;rct;bin;rgs;gif;jpg;jpeg;jpe;resx;tiff;tif;png;wav</Extensions>
    </Filter>
    <Filter Include="Source files\Inc">
      <UniqueIdentifier>{bdc3ed92-6a47-49d3-ae08-2e627f404931}</UniqueIdentifier>
    </Filter>
    <Filter Include="Header files\Inc">
      <UniqueIdentifier>{691d3199-cf46-48be-8c0b-31e3076fad46}</UniqueIdentifier>
    </Filter>
    <Filter Include="Source files\Src">
      <UniqueIdentifier>{11890d63-367c-4f50-b5be-915b9dd0539d}</UniqueIdentifier>
    </Filter>
    <Filter Include="Header files\Src">
      <UniqueIdentifier>{0e561b67-d5fa-43f9-bf31-e70b9fd1deef}</UniqueIdentifier>
    </Filter>
    <Filter Include="Source files\Shared sources">
      <UniqueIdentifier>{b3878e4f-21a4-4efa-9ead-bacc85ac6b71}</UniqueIdentifier>
    </Filter>
    <Filter Include="VisualGDB settings">
      <UniqueIdentifier>{d55c0ebe-93da-4adc-8579-9c224ae66ce8}</UniqueIdentifier>
      <Extensions>*.vgdbsettings</Extensions>
    </Filter>
    <Filter Include="Source files\Device-specific files">
      <UniqueIdentifier>{753a27d9-85a2-4d32-a772-989df0c571c4}</UniqueIdentifier>
    </Filter>
    <Filter Include="Header files\Device-specific files">
      <UniqueIdentifier>{0ac68e70-dfb2-450e-8c01-63e7f53eafa3}</UniqueIdentifier>
    </Filter>
  </ItemGroup>
  <ItemGroup>
    <Text Include="readme.txt">
      <Filter>Source files</Filter>
    </Text>
  </ItemGroup>
  <ItemGroup>
    <ClInclude Include="Inc\main.h">
      <Filter>Header files\Inc</Filter>
    </ClInclude>
    <ClInclude Include="Inc\stm32l4xx_hal_conf.h">
      <Filter>Header files\Inc</Filter>
    </ClInclude>
    <ClInclude Include="Inc\stm32l4xx_it.h">
      <Filter>Header files\Inc</Filter>
    </ClInclude>
  </ItemGroup>
  <ItemGroup>
    <ClCompile Include="Src\main.c">
      <Filter>Source files\Src</Filter>
    </ClCompile>
    <ClCompile Include="Src\stm32l4xx_hal_msp.c">
      <Filter>Source files\Src</Filter>
    </ClCompile>
    <ClCompile Include="Src\stm32l4xx_it.c">
      <Filter>Source files\Src</Filter>
    </ClCompile>
    <ClCompile Include="Src\system_stm32l4xx.c">
      <Filter>Source files\Src</Filter>
    </ClCompile>
    <ClCompile Include="Support\STM32Cube_FW_L4_V1.6.0\Drivers\BSP\STM32L4xx_Nucleo\stm32l4xx_nucleo.c">
      <Filter>Source files</Filter>
    </ClCompile>
    <ClCompile Include="$(appdata)\..\Local\VisualGDB\EmbeddedBSPs\arm-eabi\com.sysprogs.arm.stm32\STM32L4xxxx\StartupFiles\startup_stm32l476xx.c">
      <Filter>Source files</Filter>
    </ClCompile>
    <ClCompile Include="$(appdata)\..\Local\VisualGDB\EmbeddedBSPs\arm-eabi\com.sysprogs.arm.stm32\STM32L4xxxx\STM32L4xx_HAL_Driver\Src\stm32l4xx_hal.c">
      <Filter>Source files</Filter>
    </ClCompile>
    <ClCompile Include="$(appdata)\..\Local\VisualGDB\EmbeddedBSPs\arm-eabi\com.sysprogs.arm.stm32\STM32L4xxxx\STM32L4xx_HAL_Driver\Src\stm32l4xx_hal_cortex.c">
      <Filter>Source files</Filter>
    </ClCompile>
    <ClCompile Include="$(appdata)\..\Local\VisualGDB\EmbeddedBSPs\arm-eabi\com.sysprogs.arm.stm32\STM32L4xxxx\STM32L4xx_HAL_Driver\Src\stm32l4xx_hal_dma.c">
      <Filter>Source files</Filter>
    </ClCompile>
    <ClCompile Include="$(appdata)\..\Local\VisualGDB\EmbeddedBSPs\arm-eabi\com.sysprogs.arm.stm32\STM32L4xxxx\STM32L4xx_HAL_Driver\Src\stm32l4xx_hal_gpio.c">
      <Filter>Source files</Filter>
    </ClCompile>
    <ClCompile Include="$(appdata)\..\Local\VisualGDB\EmbeddedBSPs\arm-eabi\com.sysprogs.arm.stm32\STM32L4xxxx\STM32L4xx_HAL_Driver\Src\stm32l4xx_hal_i2c.c">
      <Filter>Source files</Filter>
    </ClCompile>
    <ClCompile Include="$(appdata)\..\Local\VisualGDB\EmbeddedBSPs\arm-eabi\com.sysprogs.arm.stm32\STM32L4xxxx\STM32L4xx_HAL_Driver\Src\stm32l4xx_hal_i2c_ex.c">
      <Filter>Source files</Filter>
    </ClCompile>
    <ClCompile Include="$(appdata)\..\Local\VisualGDB\EmbeddedBSPs\arm-eabi\com.sysprogs.arm.stm32\STM32L4xxxx\STM32L4xx_HAL_Driver\Src\stm32l4xx_hal_pwr.c">
      <Filter>Source files</Filter>
    </ClCompile>
    <ClCompile Include="$(appdata)\..\Local\VisualGDB\EmbeddedBSPs\arm-eabi\com.sysprogs.arm.stm32\STM32L4xxxx\STM32L4xx_HAL_Driver\Src\stm32l4xx_hal_pwr_ex.c">
      <Filter>Source files</Filter>
    </ClCompile>
    <ClCompile Include="$(appdata)\..\Local\VisualGDB\EmbeddedBSPs\arm-eabi\com.sysprogs.arm.stm32\STM32L4xxxx\STM32L4xx_HAL_Driver\Src\stm32l4xx_hal_rcc.c">
      <Filter>Source files</Filter>
    </ClCompile>
    <ClCompile Include="$(appdata)\..\Local\VisualGDB\EmbeddedBSPs\arm-eabi\com.sysprogs.arm.stm32\STM32L4xxxx\STM32L4xx_HAL_Driver\Src\stm32l4xx_hal_rcc_ex.c">
      <Filter>Source files</Filter>
    </ClCompile>
    <ClCompile Include="$(appdata)\..\Local\VisualGDB\EmbeddedBSPs\arm-eabi\com.sysprogs.arm.stm32\STM32L4xxxx\STM32L4xx_HAL_Driver\Src\stm32l4xx_hal_uart.c">
      <Filter>Source files</Filter>
    </ClCompile>
    <ClCompile Include="$(appdata)\..\Local\VisualGDB\EmbeddedBSPs\arm-eabi\com.sysprogs.arm.stm32\STM32L4xxxx\STM32L4xx_HAL_Driver\Src\stm32l4xx_hal_uart_ex.c">
      <Filter>Source files</Filter>
    </ClCompile>
  </ItemGroup>
  <ItemGroup>
    <None Include="firmware-Debug.vgdbsettings">
      <Filter>VisualGDB settings</Filter>
    </None>
    <None Include="firmware-Release.vgdbsettings">
      <Filter>VisualGDB settings</Filter>
    </None>
    <None Include="stm32.props">
      <Filter>Source files\Device-specific files</Filter>
    </None>
  </ItemGroup>
  <ItemGroup>
    <Xml Include="stm32.xml">
      <Filter>VisualGDB settings</Filter>
    </Xml>
  </ItemGroup>
</Project>